
Microsoft Visual Studio Solution File, Format Version 12.00
# Visual Studio Version 16
VisualStudioVersion = 16.0.31019.35
MinimumVisualStudioVersion = 10.0.40219.1
Project("{FAE04EC0-301F-11D3-BF4B-00C04F79EFBC}") = "Numbers", "Numbers\Numbers.csproj", "{91642A06-411E-4952-B4C7-9FA5C4D5C2C7}"
EndProject
Global
	GlobalSection(SolutionConfigurationPlatforms) = preSolution
		Debug|Any CPU = Debug|Any CPU
		Release|Any CPU = Release|Any CPU
	EndGlobalSection
	GlobalSection(ProjectConfigurationPlatforms) = postSolution
		{91642A06-411E-4952-B4C7-9FA5C4D5C2C7}.Debug|Any CPU.ActiveCfg = Debug|Any CPU
		{91642A06-411E-4952-B4C7-9FA5C4D5C2C7}.Debug|Any CPU.Build.0 = Debug|Any CPU
		{91642A06-411E-4952-B4C7-9FA5C4D5C2C7}.Release|Any CPU.ActiveCfg = Release|Any CPU
		{91642A06-411E-4952-B4C7-9FA5C4D5C2C7}.Release|Any CPU.Build.0 = Release|Any CPU
	EndGlobalSection
	GlobalSection(SolutionProperties) = preSolution
		HideSolutionNode = FALSE
	EndGlobalSection
	GlobalSection(ExtensibilityGlobals) = postSolution
		SolutionGuid = {16C0DE08-A6CA-48D3-A54E-79171437727E}
	EndGlobalSection
EndGlobal
